
Microsoft Visual Studio Solution File, Format Version 12.00
# Visual Studio Version 17
VisualStudioVersion = 17.8.34525.116
MinimumVisualStudioVersion = 10.0.40219.1
Project("{9A19103F-16F7-4668-BE54-9A1E7A4F7556}") = "WPF_CS_Tutorials", "WPF_C# Tutorials\WPF_CS_Tutorials.csproj", "{46845F48-71D8-4CEE-B2A8-9E9E2A41B7C5}"
EndProject
Project("{9A19103F-16F7-4668-BE54-9A1E7A4F7556}") = "WPF_ListView", "WPF_ListView\WPF_ListView.csproj", "{1EF3F48E-AF2F-40CC-B72D-9CD2CA9ECD4D}"
EndProject
Project("{9A19103F-16F7-4668-BE54-9A1E7A4F7556}") = "WPF_ListView_ObservableCollection", "WPF_ListView_ObservableCollection\WPF_ListView_ObservableCollection.csproj", "{D22BDEA9-6126-474C-868B-C16E09A17260}"
EndProject
Project("{9A19103F-16F7-4668-BE54-9A1E7A4F7556}") = "WPF_DataBindings", "WPF_DataBindings\WPF_DataBindings.csproj", "{8DB491B6-D705-493C-A504-F7158576DBD2}"
EndProject
Project("{9A19103F-16F7-4668-BE54-9A1E7A4F7556}") = "WPF_CustomControls", "WPF_CustomControls\WPF_CustomControls.csproj", "{DA31AF3A-B939-44E6-87B7-502F46C25C38}"
EndProject
Project("{2150E333-8FDC-42A3-9474-1A3956D46DE8}") = "DataBinding Samples", "DataBinding Samples", "{766F0E4D-E947-4F88-88EF-5BFD4E5E412E}"
EndProject
Project("{9A19103F-16F7-4668-BE54-9A1E7A4F7556}") = "WPF_DataBinding_II", "WPF_DataBinding_II\WPF_DataBinding_II.csproj", "{83C23262-F923-4051-A1CC-37B3CF36C1C5}"
EndProject
Project("{9A19103F-16F7-4668-BE54-9A1E7A4F7556}") = "REST AI", "..\..\REST AI\REST AI\REST AI.csproj", "{917BAB43-EE1C-4B1D-A6B6-9A2E3462E499}"
EndProject
Project("{9A19103F-16F7-4668-BE54-9A1E7A4F7556}") = "MVVM_WeatherApp", "MVVM\MVVM_WeatherApp.csproj", "{FD0E10ED-E309-4E4B-A116-74B15FBBCE65}"
EndProject
Project("{FAE04EC0-301F-11D3-BF4B-00C04F79EFBC}") = "MVVM_DataBinding", "MVVM_DataBinding\MVVM_DataBinding.csproj", "{71015821-2F74-46A3-B1B2-50102A0A93C9}"
EndProject
Project("{FAE04EC0-301F-11D3-BF4B-00C04F79EFBC}") = "EvernoteClone", "EvernoteClone\EvernoteClone.csproj", "{46D629D0-7199-4734-8076-6A44FE64CE4C}"
EndProject
Global
	GlobalSection(SolutionConfigurationPlatforms) = preSolution
		Debug|Any CPU = Debug|Any CPU
		Release|Any CPU = Release|Any CPU
	EndGlobalSection
	GlobalSection(ProjectConfigurationPlatforms) = postSolution
		{46845F48-71D8-4CEE-B2A8-9E9E2A41B7C5}.Debug|Any CPU.ActiveCfg = Debug|Any CPU
		{46845F48-71D8-4CEE-B2A8-9E9E2A41B7C5}.Debug|Any CPU.Build.0 = Debug|Any CPU
		{46845F48-71D8-4CEE-B2A8-9E9E2A41B7C5}.Release|Any CPU.ActiveCfg = Release|Any CPU
		{46845F48-71D8-4CEE-B2A8-9E9E2A41B7C5}.Release|Any CPU.Build.0 = Release|Any CPU
		{1EF3F48E-AF2F-40CC-B72D-9CD2CA9ECD4D}.Debug|Any CPU.ActiveCfg = Debug|Any CPU
		{1EF3F48E-AF2F-40CC-B72D-9CD2CA9ECD4D}.Debug|Any CPU.Build.0 = Debug|Any CPU
		{1EF3F48E-AF2F-40CC-B72D-9CD2CA9ECD4D}.Release|Any CPU.ActiveCfg = Release|Any CPU
		{1EF3F48E-AF2F-40CC-B72D-9CD2CA9ECD4D}.Release|Any CPU.Build.0 = Release|Any CPU
		{D22BDEA9-6126-474C-868B-C16E09A17260}.Debug|Any CPU.ActiveCfg = Debug|Any CPU
		{D22BDEA9-6126-474C-868B-C16E09A17260}.Debug|Any CPU.Build.0 = Debug|Any CPU
		{D22BDEA9-6126-474C-868B-C16E09A17260}.Release|Any CPU.ActiveCfg = Release|Any CPU
		{D22BDEA9-6126-474C-868B-C16E09A17260}.Release|Any CPU.Build.0 = Release|Any CPU
		{8DB491B6-D705-493C-A504-F7158576DBD2}.Debug|Any CPU.ActiveCfg = Debug|Any CPU
		{8DB491B6-D705-493C-A504-F7158576DBD2}.Debug|Any CPU.Build.0 = Debug|Any CPU
		{8DB491B6-D705-493C-A504-F7158576DBD2}.Release|Any CPU.ActiveCfg = Release|Any CPU
		{8DB491B6-D705-493C-A504-F7158576DBD2}.Release|Any CPU.Build.0 = Release|Any CPU
		{DA31AF3A-B939-44E6-87B7-502F46C25C38}.Debug|Any CPU.ActiveCfg = Debug|Any CPU
		{DA31AF3A-B939-44E6-87B7-502F46C25C38}.Debug|Any CPU.Build.0 = Debug|Any CPU
		{DA31AF3A-B939-44E6-87B7-502F46C25C38}.Release|Any CPU.ActiveCfg = Release|Any CPU
		{DA31AF3A-B939-44E6-87B7-502F46C25C38}.Release|Any CPU.Build.0 = Release|Any CPU
		{83C23262-F923-4051-A1CC-37B3CF36C1C5}.Debug|Any CPU.ActiveCfg = Debug|Any CPU
		{83C23262-F923-4051-A1CC-37B3CF36C1C5}.Debug|Any CPU.Build.0 = Debug|Any CPU
		{83C23262-F923-4051-A1CC-37B3CF36C1C5}.Release|Any CPU.ActiveCfg = Release|Any CPU
		{83C23262-F923-4051-A1CC-37B3CF36C1C5}.Release|Any CPU.Build.0 = Release|Any CPU
		{917BAB43-EE1C-4B1D-A6B6-9A2E3462E499}.Debug|Any CPU.ActiveCfg = Debug|Any CPU
		{917BAB43-EE1C-4B1D-A6B6-9A2E3462E499}.Debug|Any CPU.Build.0 = Debug|Any CPU
		{917BAB43-EE1C-4B1D-A6B6-9A2E3462E499}.Release|Any CPU.ActiveCfg = Release|Any CPU
		{917BAB43-EE1C-4B1D-A6B6-9A2E3462E499}.Release|Any CPU.Build.0 = Release|Any CPU
		{FD0E10ED-E309-4E4B-A116-74B15FBBCE65}.Debug|Any CPU.ActiveCfg = Debug|Any CPU
		{FD0E10ED-E309-4E4B-A116-74B15FBBCE65}.Debug|Any CPU.Build.0 = Debug|Any CPU
		{FD0E10ED-E309-4E4B-A116-74B15FBBCE65}.Release|Any CPU.ActiveCfg = Release|Any CPU
		{FD0E10ED-E309-4E4B-A116-74B15FBBCE65}.Release|Any CPU.Build.0 = Release|Any CPU
		{71015821-2F74-46A3-B1B2-50102A0A93C9}.Debug|Any CPU.ActiveCfg = Debug|Any CPU
		{71015821-2F74-46A3-B1B2-50102A0A93C9}.Debug|Any CPU.Build.0 = Debug|Any CPU
		{71015821-2F74-46A3-B1B2-50102A0A93C9}.Release|Any CPU.ActiveCfg = Release|Any CPU
		{71015821-2F74-46A3-B1B2-50102A0A93C9}.Release|Any CPU.Build.0 = Release|Any CPU
		{46D629D0-7199-4734-8076-6A44FE64CE4C}.Debug|Any CPU.ActiveCfg = Debug|Any CPU
		{46D629D0-7199-4734-8076-6A44FE64CE4C}.Debug|Any CPU.Build.0 = Debug|Any CPU
		{46D629D0-7199-4734-8076-6A44FE64CE4C}.Release|Any CPU.ActiveCfg = Release|Any CPU
		{46D629D0-7199-4734-8076-6A44FE64CE4C}.Release|Any CPU.Build.0 = Release|Any CPU
	EndGlobalSection
	GlobalSection(SolutionProperties) = preSolution
		HideSolutionNode = FALSE
	EndGlobalSection
	GlobalSection(NestedProjects) = preSolution
		{8DB491B6-D705-493C-A504-F7158576DBD2} = {766F0E4D-E947-4F88-88EF-5BFD4E5E412E}
		{83C23262-F923-4051-A1CC-37B3CF36C1C5} = {766F0E4D-E947-4F88-88EF-5BFD4E5E412E}
		{71015821-2F74-46A3-B1B2-50102A0A93C9} = {766F0E4D-E947-4F88-88EF-5BFD4E5E412E}
	EndGlobalSection
	GlobalSection(ExtensibilityGlobals) = postSolution
		SolutionGuid = {5CC9079E-E282-4FD7-868E-1D39C34D98F6}
	EndGlobalSection
EndGlobal
