
Microsoft Visual Studio Solution File, Format Version 12.00
# Visual Studio Version 17
VisualStudioVersion = 17.8.34525.116
MinimumVisualStudioVersion = 10.0.40219.1
Project("{9A19103F-16F7-4668-BE54-9A1E7A4F7556}") = "WPF_CS_Tutorials", "WPF_C# Tutorials\WPF_CS_Tutorials.csproj", "{46845F48-71D8-4CEE-B2A8-9E9E2A41B7C5}"
EndProject
Project("{9A19103F-16F7-4668-BE54-9A1E7A4F7556}") = "WPF_ListView", "WPF_ListView\WPF_ListView.csproj", "{1EF3F48E-AF2F-40CC-B72D-9CD2CA9ECD4D}"
EndProject
Project("{9A19103F-16F7-4668-BE54-9A1E7A4F7556}") = "WPF_ListView_ObservableCollection", "WPF_ListView_ObservableCollection\WPF_ListView_ObservableCollection.csproj", "{D22BDEA9-6126-474C-868B-C16E09A17260}"
EndProject
Project("{9A19103F-16F7-4668-BE54-9A1E7A4F7556}") = "WPF_DataBindings", "WPF_DataBindings\WPF_DataBindings.csproj", "{8DB491B6-D705-493C-A504-F7158576DBD2}"
EndProject
Project("{9A19103F-16F7-4668-BE54-9A1E7A4F7556}") = "WPF_CustomControls", "WPF_CustomControls\WPF_CustomControls.csproj", "{DA31AF3A-B939-44E6-87B7-502F46C25C38}"
EndProject
Project("{2150E333-8FDC-42A3-9474-1A3956D46DE8}") = "DataBinding Samples", "DataBinding Samples", "{766F0E4D-E947-4F88-88EF-5BFD4E5E412E}"
EndProject
Project("{9A19103F-16F7-4668-BE54-9A1E7A4F7556}") = "WPF_DataBinding_II", "WPF_DataBinding_II\WPF_DataBinding_II.csproj", "{83C23262-F923-4051-A1CC-37B3CF36C1C5}"
EndProject
Project("{9A19103F-16F7-4668-BE54-9A1E7A4F7556}") = "MVVM_WeatherApp", "MVVM\MVVM_WeatherApp.csproj", "{FD0E10ED-E309-4E4B-A116-74B15FBBCE65}"
EndProject
Project("{9A19103F-16F7-4668-BE54-9A1E7A4F7556}") = "MVVM_DataBinding", "MVVM_DataBinding\MVVM_DataBinding.csproj", "{71015821-2F74-46A3-B1B2-50102A0A93C9}"
EndProject
Project("{9A19103F-16F7-4668-BE54-9A1E7A4F7556}") = "EvernoteClone", "EvernoteClone\EvernoteClone.csproj", "{46D629D0-7199-4734-8076-6A44FE64CE4C}"
EndProject
Project("{9A19103F-16F7-4668-BE54-9A1E7A4F7556}") = "KampaPlays_MVVM", "KampaPlays_MVVM\KampaPlays_MVVM.csproj", "{41F7E4E1-109A-4ABA-9489-3349DB0D42B9}"
EndProject
Project("{9A19103F-16F7-4668-BE54-9A1E7A4F7556}") = "Blazor_GameStoreApp", "Blazor_GameStoreApp\Blazor_GameStoreApp.csproj", "{4F638239-B248-4451-B950-7947F00425B1}"
EndProject
Project("{FAE04EC0-301F-11D3-BF4B-00C04F79EFBC}") = "ConsoleApp", "ConsoleApp\ConsoleApp.csproj", "{C157E41F-AAC0-458E-9C81-3E13A1793664}"
EndProject
Project("{2150E333-8FDC-42A3-9474-1A3956D46DE8}") = "WPF", "WPF", "{9BB661A1-CBDB-4537-96FF-038F6651F3C9}"
EndProject
Project("{2150E333-8FDC-42A3-9474-1A3956D46DE8}") = ".Net", ".Net", "{FF9449C6-F931-4E2D-90D3-1EE26A108AFB}"
EndProject
Project("{2150E333-8FDC-42A3-9474-1A3956D46DE8}") = "Console C#", "Console C#", "{7877A91B-1A0A-46A3-B07B-C59E5E57F4FA}"
EndProject
Project("{FAE04EC0-301F-11D3-BF4B-00C04F79EFBC}") = "TangyWeb_Server", "Tangy\Tangy\TangyWeb_Server.csproj", "{4B81A0F6-AF17-47DC-9827-FB9CF3BD6007}"
EndProject
Project("{FAE04EC0-301F-11D3-BF4B-00C04F79EFBC}") = "TangyWeb_Client", "Tangy\Tangy.Client\TangyWeb_Client.csproj", "{D8242A29-42C7-42FB-A009-8CED55782E62}"
EndProject
Global
	GlobalSection(SolutionConfigurationPlatforms) = preSolution
		Debug|Any CPU = Debug|Any CPU
		Release|Any CPU = Release|Any CPU
	EndGlobalSection
	GlobalSection(ProjectConfigurationPlatforms) = postSolution
		{46845F48-71D8-4CEE-B2A8-9E9E2A41B7C5}.Debug|Any CPU.ActiveCfg = Debug|Any CPU
		{46845F48-71D8-4CEE-B2A8-9E9E2A41B7C5}.Debug|Any CPU.Build.0 = Debug|Any CPU
		{46845F48-71D8-4CEE-B2A8-9E9E2A41B7C5}.Release|Any CPU.ActiveCfg = Release|Any CPU
		{46845F48-71D8-4CEE-B2A8-9E9E2A41B7C5}.Release|Any CPU.Build.0 = Release|Any CPU
		{1EF3F48E-AF2F-40CC-B72D-9CD2CA9ECD4D}.Debug|Any CPU.ActiveCfg = Debug|Any CPU
		{1EF3F48E-AF2F-40CC-B72D-9CD2CA9ECD4D}.Debug|Any CPU.Build.0 = Debug|Any CPU
		{1EF3F48E-AF2F-40CC-B72D-9CD2CA9ECD4D}.Release|Any CPU.ActiveCfg = Release|Any CPU
		{1EF3F48E-AF2F-40CC-B72D-9CD2CA9ECD4D}.Release|Any CPU.Build.0 = Release|Any CPU
		{D22BDEA9-6126-474C-868B-C16E09A17260}.Debug|Any CPU.ActiveCfg = Debug|Any CPU
		{D22BDEA9-6126-474C-868B-C16E09A17260}.Debug|Any CPU.Build.0 = Debug|Any CPU
		{D22BDEA9-6126-474C-868B-C16E09A17260}.Release|Any CPU.ActiveCfg = Release|Any CPU
		{D22BDEA9-6126-474C-868B-C16E09A17260}.Release|Any CPU.Build.0 = Release|Any CPU
		{8DB491B6-D705-493C-A504-F7158576DBD2}.Debug|Any CPU.ActiveCfg = Debug|Any CPU
		{8DB491B6-D705-493C-A504-F7158576DBD2}.Debug|Any CPU.Build.0 = Debug|Any CPU
		{8DB491B6-D705-493C-A504-F7158576DBD2}.Release|Any CPU.ActiveCfg = Release|Any CPU
		{8DB491B6-D705-493C-A504-F7158576DBD2}.Release|Any CPU.Build.0 = Release|Any CPU
		{DA31AF3A-B939-44E6-87B7-502F46C25C38}.Debug|Any CPU.ActiveCfg = Debug|Any CPU
		{DA31AF3A-B939-44E6-87B7-502F46C25C38}.Debug|Any CPU.Build.0 = Debug|Any CPU
		{DA31AF3A-B939-44E6-87B7-502F46C25C38}.Release|Any CPU.ActiveCfg = Release|Any CPU
		{DA31AF3A-B939-44E6-87B7-502F46C25C38}.Release|Any CPU.Build.0 = Release|Any CPU
		{83C23262-F923-4051-A1CC-37B3CF36C1C5}.Debug|Any CPU.ActiveCfg = Debug|Any CPU
		{83C23262-F923-4051-A1CC-37B3CF36C1C5}.Debug|Any CPU.Build.0 = Debug|Any CPU
		{83C23262-F923-4051-A1CC-37B3CF36C1C5}.Release|Any CPU.ActiveCfg = Release|Any CPU
		{83C23262-F923-4051-A1CC-37B3CF36C1C5}.Release|Any CPU.Build.0 = Release|Any CPU
		{FD0E10ED-E309-4E4B-A116-74B15FBBCE65}.Debug|Any CPU.ActiveCfg = Debug|Any CPU
		{FD0E10ED-E309-4E4B-A116-74B15FBBCE65}.Debug|Any CPU.Build.0 = Debug|Any CPU
		{FD0E10ED-E309-4E4B-A116-74B15FBBCE65}.Release|Any CPU.ActiveCfg = Release|Any CPU
		{FD0E10ED-E309-4E4B-A116-74B15FBBCE65}.Release|Any CPU.Build.0 = Release|Any CPU
		{71015821-2F74-46A3-B1B2-50102A0A93C9}.Debug|Any CPU.ActiveCfg = Debug|Any CPU
		{71015821-2F74-46A3-B1B2-50102A0A93C9}.Debug|Any CPU.Build.0 = Debug|Any CPU
		{71015821-2F74-46A3-B1B2-50102A0A93C9}.Release|Any CPU.ActiveCfg = Release|Any CPU
		{71015821-2F74-46A3-B1B2-50102A0A93C9}.Release|Any CPU.Build.0 = Release|Any CPU
		{46D629D0-7199-4734-8076-6A44FE64CE4C}.Debug|Any CPU.ActiveCfg = Debug|Any CPU
		{46D629D0-7199-4734-8076-6A44FE64CE4C}.Debug|Any CPU.Build.0 = Debug|Any CPU
		{46D629D0-7199-4734-8076-6A44FE64CE4C}.Release|Any CPU.ActiveCfg = Release|Any CPU
		{46D629D0-7199-4734-8076-6A44FE64CE4C}.Release|Any CPU.Build.0 = Release|Any CPU
		{41F7E4E1-109A-4ABA-9489-3349DB0D42B9}.Debug|Any CPU.ActiveCfg = Debug|Any CPU
		{41F7E4E1-109A-4ABA-9489-3349DB0D42B9}.Debug|Any CPU.Build.0 = Debug|Any CPU
		{41F7E4E1-109A-4ABA-9489-3349DB0D42B9}.Release|Any CPU.ActiveCfg = Release|Any CPU
		{41F7E4E1-109A-4ABA-9489-3349DB0D42B9}.Release|Any CPU.Build.0 = Release|Any CPU
		{4F638239-B248-4451-B950-7947F00425B1}.Debug|Any CPU.ActiveCfg = Debug|Any CPU
		{4F638239-B248-4451-B950-7947F00425B1}.Debug|Any CPU.Build.0 = Debug|Any CPU
		{4F638239-B248-4451-B950-7947F00425B1}.Release|Any CPU.ActiveCfg = Release|Any CPU
		{4F638239-B248-4451-B950-7947F00425B1}.Release|Any CPU.Build.0 = Release|Any CPU
		{C157E41F-AAC0-458E-9C81-3E13A1793664}.Debug|Any CPU.ActiveCfg = Debug|Any CPU
		{C157E41F-AAC0-458E-9C81-3E13A1793664}.Debug|Any CPU.Build.0 = Debug|Any CPU
		{C157E41F-AAC0-458E-9C81-3E13A1793664}.Release|Any CPU.ActiveCfg = Release|Any CPU
		{C157E41F-AAC0-458E-9C81-3E13A1793664}.Release|Any CPU.Build.0 = Release|Any CPU
		{4B81A0F6-AF17-47DC-9827-FB9CF3BD6007}.Debug|Any CPU.ActiveCfg = Debug|Any CPU
		{4B81A0F6-AF17-47DC-9827-FB9CF3BD6007}.Debug|Any CPU.Build.0 = Debug|Any CPU
		{4B81A0F6-AF17-47DC-9827-FB9CF3BD6007}.Release|Any CPU.ActiveCfg = Release|Any CPU
		{4B81A0F6-AF17-47DC-9827-FB9CF3BD6007}.Release|Any CPU.Build.0 = Release|Any CPU
		{D8242A29-42C7-42FB-A009-8CED55782E62}.Debug|Any CPU.ActiveCfg = Debug|Any CPU
		{D8242A29-42C7-42FB-A009-8CED55782E62}.Debug|Any CPU.Build.0 = Debug|Any CPU
		{D8242A29-42C7-42FB-A009-8CED55782E62}.Release|Any CPU.ActiveCfg = Release|Any CPU
		{D8242A29-42C7-42FB-A009-8CED55782E62}.Release|Any CPU.Build.0 = Release|Any CPU
	EndGlobalSection
	GlobalSection(SolutionProperties) = preSolution
		HideSolutionNode = FALSE
	EndGlobalSection
	GlobalSection(NestedProjects) = preSolution
		{46845F48-71D8-4CEE-B2A8-9E9E2A41B7C5} = {9BB661A1-CBDB-4537-96FF-038F6651F3C9}
		{1EF3F48E-AF2F-40CC-B72D-9CD2CA9ECD4D} = {9BB661A1-CBDB-4537-96FF-038F6651F3C9}
		{D22BDEA9-6126-474C-868B-C16E09A17260} = {9BB661A1-CBDB-4537-96FF-038F6651F3C9}
		{8DB491B6-D705-493C-A504-F7158576DBD2} = {766F0E4D-E947-4F88-88EF-5BFD4E5E412E}
		{DA31AF3A-B939-44E6-87B7-502F46C25C38} = {9BB661A1-CBDB-4537-96FF-038F6651F3C9}
		{83C23262-F923-4051-A1CC-37B3CF36C1C5} = {766F0E4D-E947-4F88-88EF-5BFD4E5E412E}
		{FD0E10ED-E309-4E4B-A116-74B15FBBCE65} = {9BB661A1-CBDB-4537-96FF-038F6651F3C9}
		{71015821-2F74-46A3-B1B2-50102A0A93C9} = {766F0E4D-E947-4F88-88EF-5BFD4E5E412E}
		{46D629D0-7199-4734-8076-6A44FE64CE4C} = {9BB661A1-CBDB-4537-96FF-038F6651F3C9}
		{41F7E4E1-109A-4ABA-9489-3349DB0D42B9} = {766F0E4D-E947-4F88-88EF-5BFD4E5E412E}
		{4F638239-B248-4451-B950-7947F00425B1} = {FF9449C6-F931-4E2D-90D3-1EE26A108AFB}
		{C157E41F-AAC0-458E-9C81-3E13A1793664} = {7877A91B-1A0A-46A3-B07B-C59E5E57F4FA}
		{4B81A0F6-AF17-47DC-9827-FB9CF3BD6007} = {FF9449C6-F931-4E2D-90D3-1EE26A108AFB}
		{D8242A29-42C7-42FB-A009-8CED55782E62} = {FF9449C6-F931-4E2D-90D3-1EE26A108AFB}
	EndGlobalSection
	GlobalSection(ExtensibilityGlobals) = postSolution
		SolutionGuid = {5CC9079E-E282-4FD7-868E-1D39C34D98F6}
	EndGlobalSection
EndGlobal
