
Microsoft Visual Studio Solution File, Format Version 12.00
# Visual Studio Version 17
VisualStudioVersion = 17.8.34525.116
MinimumVisualStudioVersion = 10.0.40219.1
Project("{9A19103F-16F7-4668-BE54-9A1E7A4F7556}") = "WPF_C# Tutorials", "WPF_C# Tutorials\WPF_C# Tutorials.csproj", "{46845F48-71D8-4CEE-B2A8-9E9E2A41B7C5}"
EndProject
Project("{9A19103F-16F7-4668-BE54-9A1E7A4F7556}") = "WPF_ListView", "WPF_ListView\WPF_ListView.csproj", "{1EF3F48E-AF2F-40CC-B72D-9CD2CA9ECD4D}"
EndProject
Project("{FAE04EC0-301F-11D3-BF4B-00C04F79EFBC}") = "WPF_ListView_ObservableCollection", "WPF_ListView_ObservableCollection\WPF_ListView_ObservableCollection.csproj", "{D22BDEA9-6126-474C-868B-C16E09A17260}"
EndProject
Global
	GlobalSection(SolutionConfigurationPlatforms) = preSolution
		Debug|Any CPU = Debug|Any CPU
		Release|Any CPU = Release|Any CPU
	EndGlobalSection
	GlobalSection(ProjectConfigurationPlatforms) = postSolution
		{46845F48-71D8-4CEE-B2A8-9E9E2A41B7C5}.Debug|Any CPU.ActiveCfg = Debug|Any CPU
		{46845F48-71D8-4CEE-B2A8-9E9E2A41B7C5}.Debug|Any CPU.Build.0 = Debug|Any CPU
		{46845F48-71D8-4CEE-B2A8-9E9E2A41B7C5}.Release|Any CPU.ActiveCfg = Release|Any CPU
		{46845F48-71D8-4CEE-B2A8-9E9E2A41B7C5}.Release|Any CPU.Build.0 = Release|Any CPU
		{1EF3F48E-AF2F-40CC-B72D-9CD2CA9ECD4D}.Debug|Any CPU.ActiveCfg = Debug|Any CPU
		{1EF3F48E-AF2F-40CC-B72D-9CD2CA9ECD4D}.Debug|Any CPU.Build.0 = Debug|Any CPU
		{1EF3F48E-AF2F-40CC-B72D-9CD2CA9ECD4D}.Release|Any CPU.ActiveCfg = Release|Any CPU
		{1EF3F48E-AF2F-40CC-B72D-9CD2CA9ECD4D}.Release|Any CPU.Build.0 = Release|Any CPU
		{D22BDEA9-6126-474C-868B-C16E09A17260}.Debug|Any CPU.ActiveCfg = Debug|Any CPU
		{D22BDEA9-6126-474C-868B-C16E09A17260}.Debug|Any CPU.Build.0 = Debug|Any CPU
		{D22BDEA9-6126-474C-868B-C16E09A17260}.Release|Any CPU.ActiveCfg = Release|Any CPU
		{D22BDEA9-6126-474C-868B-C16E09A17260}.Release|Any CPU.Build.0 = Release|Any CPU
	EndGlobalSection
	GlobalSection(SolutionProperties) = preSolution
		HideSolutionNode = FALSE
	EndGlobalSection
	GlobalSection(ExtensibilityGlobals) = postSolution
		SolutionGuid = {5CC9079E-E282-4FD7-868E-1D39C34D98F6}
	EndGlobalSection
EndGlobal
